
Microsoft Visual Studio Solution File, Format Version 12.00
# Visual Studio Version 17
VisualStudioVersion = 17.9.34314.44
MinimumVisualStudioVersion = 10.0.40219.1
Project("{FAE04EC0-301F-11D3-BF4B-00C04F79EFBC}") = "AppLinksSample", "AppLinksSample\AppLinksSample.csproj", "{D34D9DEB-DDA9-46BB-9DCD-3FDDAD6DCF2F}"
EndProject
Global
	GlobalSection(SolutionConfigurationPlatforms) = preSolution
		Debug|Any CPU = Debug|Any CPU
		Release|Any CPU = Release|Any CPU
	EndGlobalSection
	GlobalSection(ProjectConfigurationPlatforms) = postSolution
		{D34D9DEB-DDA9-46BB-9DCD-3FDDAD6DCF2F}.Debug|Any CPU.ActiveCfg = Debug|Any CPU
		{D34D9DEB-DDA9-46BB-9DCD-3FDDAD6DCF2F}.Debug|Any CPU.Build.0 = Debug|Any CPU
		{D34D9DEB-DDA9-46BB-9DCD-3FDDAD6DCF2F}.Debug|Any CPU.Deploy.0 = Debug|Any CPU
		{D34D9DEB-DDA9-46BB-9DCD-3FDDAD6DCF2F}.Release|Any CPU.ActiveCfg = Release|Any CPU
		{D34D9DEB-DDA9-46BB-9DCD-3FDDAD6DCF2F}.Release|Any CPU.Build.0 = Release|Any CPU
		{D34D9DEB-DDA9-46BB-9DCD-3FDDAD6DCF2F}.Release|Any CPU.Deploy.0 = Release|Any CPU
	EndGlobalSection
	GlobalSection(SolutionProperties) = preSolution
		HideSolutionNode = FALSE
	EndGlobalSection
	GlobalSection(ExtensibilityGlobals) = postSolution
		SolutionGuid = {289B261A-04EF-43E6-87A6-F30A3F0E97E3}
	EndGlobalSection
EndGlobal
